
Microsoft Visual Studio Solution File, Format Version 12.00
# Visual Studio 15
VisualStudioVersion = 15.0.26430.15
MinimumVisualStudioVersion = 10.0.40219.1
Project("{FAE04EC0-301F-11D3-BF4B-00C04F79EFBC}") = "HelloWorld.Win10", "HelloWorld.Win10\HelloWorld.Win10.csproj", "{3A4B958F-B42D-49D9-86C7-DB11D5E85C21}"
EndProject
Project("{FAE04EC0-301F-11D3-BF4B-00C04F79EFBC}") = "HelloWorld.Wpf", "HelloWorld.Wpf\HelloWorld.Wpf.csproj", "{5C023051-1D5F-4C3C-B4AC-E86153643C57}"
EndProject
Project("{2150E333-8FDC-42A3-9474-1A3956D46DE8}") = "Xamarin.Forms", "Xamarin.Forms", "{0B88928A-5671-41A0-A1BE-7289ADD8F97B}"
EndProject
Project("{D954291E-2A0B-460D-934E-DC6B0785DB48}") = "HelloWorld", "Xamarin.Forms\HelloWorld\HelloWorld\HelloWorld.shproj", "{C41552DF-9C5A-467B-B6C7-442E79A8692A}"
EndProject
Project("{FAE04EC0-301F-11D3-BF4B-00C04F79EFBC}") = "HelloWorld.Android", "Xamarin.Forms\HelloWorld\HelloWorld.Android\HelloWorld.Android.csproj", "{834CB233-AEA5-44A0-8712-1B961A1D29B2}"
EndProject
Project("{FAE04EC0-301F-11D3-BF4B-00C04F79EFBC}") = "HelloWorld.iOS", "Xamarin.Forms\HelloWorld\HelloWorld.iOS\HelloWorld.iOS.csproj", "{AD44FA00-84AF-48E1-82C9-95A6CA53F65B}"
EndProject
Project("{FAE04EC0-301F-11D3-BF4B-00C04F79EFBC}") = "HelloWorld.UWP", "Xamarin.Forms\HelloWorld\HelloWorld.UWP\HelloWorld.UWP.csproj", "{597A8D84-321F-4F84-9803-322EF6468E99}"
EndProject
Global
	GlobalSection(SharedMSBuildProjectFiles) = preSolution
		Xamarin.Forms\HelloWorld\HelloWorld\HelloWorld.projitems*{597a8d84-321f-4f84-9803-322ef6468e99}*SharedItemsImports = 4
		Xamarin.Forms\HelloWorld\HelloWorld\HelloWorld.projitems*{834cb233-aea5-44a0-8712-1b961a1d29b2}*SharedItemsImports = 4
		Xamarin.Forms\HelloWorld\HelloWorld\HelloWorld.projitems*{ad44fa00-84af-48e1-82c9-95a6ca53f65b}*SharedItemsImports = 4
		Xamarin.Forms\HelloWorld\HelloWorld\HelloWorld.projitems*{c41552df-9c5a-467b-b6c7-442e79a8692a}*SharedItemsImports = 13
	EndGlobalSection
	GlobalSection(SolutionConfigurationPlatforms) = preSolution
		Ad-Hoc|Any CPU = Ad-Hoc|Any CPU
		Ad-Hoc|ARM = Ad-Hoc|ARM
		Ad-Hoc|iPhone = Ad-Hoc|iPhone
		Ad-Hoc|iPhoneSimulator = Ad-Hoc|iPhoneSimulator
		Ad-Hoc|x64 = Ad-Hoc|x64
		Ad-Hoc|x86 = Ad-Hoc|x86
		AppStore|Any CPU = AppStore|Any CPU
		AppStore|ARM = AppStore|ARM
		AppStore|iPhone = AppStore|iPhone
		AppStore|iPhoneSimulator = AppStore|iPhoneSimulator
		AppStore|x64 = AppStore|x64
		AppStore|x86 = AppStore|x86
		Debug|Any CPU = Debug|Any CPU
		Debug|ARM = Debug|ARM
		Debug|iPhone = Debug|iPhone
		Debug|iPhoneSimulator = Debug|iPhoneSimulator
		Debug|x64 = Debug|x64
		Debug|x86 = Debug|x86
		Release|Any CPU = Release|Any CPU
		Release|ARM = Release|ARM
		Release|iPhone = Release|iPhone
		Release|iPhoneSimulator = Release|iPhoneSimulator
		Release|x64 = Release|x64
		Release|x86 = Release|x86
	EndGlobalSection
	GlobalSection(ProjectConfigurationPlatforms) = postSolution
		{3A4B958F-B42D-49D9-86C7-DB11D5E85C21}.Ad-Hoc|Any CPU.ActiveCfg = Release|x64
		{3A4B958F-B42D-49D9-86C7-DB11D5E85C21}.Ad-Hoc|Any CPU.Build.0 = Release|x64
		{3A4B958F-B42D-49D9-86C7-DB11D5E85C21}.Ad-Hoc|Any CPU.Deploy.0 = Release|x64
		{3A4B958F-B42D-49D9-86C7-DB11D5E85C21}.Ad-Hoc|ARM.ActiveCfg = Release|ARM
		{3A4B958F-B42D-49D9-86C7-DB11D5E85C21}.Ad-Hoc|ARM.Build.0 = Release|ARM
		{3A4B958F-B42D-49D9-86C7-DB11D5E85C21}.Ad-Hoc|ARM.Deploy.0 = Release|ARM
		{3A4B958F-B42D-49D9-86C7-DB11D5E85C21}.Ad-Hoc|iPhone.ActiveCfg = Release|x64
		{3A4B958F-B42D-49D9-86C7-DB11D5E85C21}.Ad-Hoc|iPhone.Build.0 = Release|x64
		{3A4B958F-B42D-49D9-86C7-DB11D5E85C21}.Ad-Hoc|iPhone.Deploy.0 = Release|x64
		{3A4B958F-B42D-49D9-86C7-DB11D5E85C21}.Ad-Hoc|iPhoneSimulator.ActiveCfg = Release|x64
		{3A4B958F-B42D-49D9-86C7-DB11D5E85C21}.Ad-Hoc|iPhoneSimulator.Build.0 = Release|x64
		{3A4B958F-B42D-49D9-86C7-DB11D5E85C21}.Ad-Hoc|iPhoneSimulator.Deploy.0 = Release|x64
		{3A4B958F-B42D-49D9-86C7-DB11D5E85C21}.Ad-Hoc|x64.ActiveCfg = Release|x64
		{3A4B958F-B42D-49D9-86C7-DB11D5E85C21}.Ad-Hoc|x64.Build.0 = Release|x64
		{3A4B958F-B42D-49D9-86C7-DB11D5E85C21}.Ad-Hoc|x64.Deploy.0 = Release|x64
		{3A4B958F-B42D-49D9-86C7-DB11D5E85C21}.Ad-Hoc|x86.ActiveCfg = Release|x86
		{3A4B958F-B42D-49D9-86C7-DB11D5E85C21}.Ad-Hoc|x86.Build.0 = Release|x86
		{3A4B958F-B42D-49D9-86C7-DB11D5E85C21}.Ad-Hoc|x86.Deploy.0 = Release|x86
		{3A4B958F-B42D-49D9-86C7-DB11D5E85C21}.AppStore|Any CPU.ActiveCfg = Release|x64
		{3A4B958F-B42D-49D9-86C7-DB11D5E85C21}.AppStore|Any CPU.Build.0 = Release|x64
		{3A4B958F-B42D-49D9-86C7-DB11D5E85C21}.AppStore|Any CPU.Deploy.0 = Release|x64
		{3A4B958F-B42D-49D9-86C7-DB11D5E85C21}.AppStore|ARM.ActiveCfg = Release|ARM
		{3A4B958F-B42D-49D9-86C7-DB11D5E85C21}.AppStore|ARM.Build.0 = Release|ARM
		{3A4B958F-B42D-49D9-86C7-DB11D5E85C21}.AppStore|ARM.Deploy.0 = Release|ARM
		{3A4B958F-B42D-49D9-86C7-DB11D5E85C21}.AppStore|iPhone.ActiveCfg = Release|x64
		{3A4B958F-B42D-49D9-86C7-DB11D5E85C21}.AppStore|iPhone.Build.0 = Release|x64
		{3A4B958F-B42D-49D9-86C7-DB11D5E85C21}.AppStore|iPhone.Deploy.0 = Release|x64
		{3A4B958F-B42D-49D9-86C7-DB11D5E85C21}.AppStore|iPhoneSimulator.ActiveCfg = Release|x64
		{3A4B958F-B42D-49D9-86C7-DB11D5E85C21}.AppStore|iPhoneSimulator.Build.0 = Release|x64
		{3A4B958F-B42D-49D9-86C7-DB11D5E85C21}.AppStore|iPhoneSimulator.Deploy.0 = Release|x64
		{3A4B958F-B42D-49D9-86C7-DB11D5E85C21}.AppStore|x64.ActiveCfg = Release|x64
		{3A4B958F-B42D-49D9-86C7-DB11D5E85C21}.AppStore|x64.Build.0 = Release|x64
		{3A4B958F-B42D-49D9-86C7-DB11D5E85C21}.AppStore|x64.Deploy.0 = Release|x64
		{3A4B958F-B42D-49D9-86C7-DB11D5E85C21}.AppStore|x86.ActiveCfg = Release|x86
		{3A4B958F-B42D-49D9-86C7-DB11D5E85C21}.AppStore|x86.Build.0 = Release|x86
		{3A4B958F-B42D-49D9-86C7-DB11D5E85C21}.AppStore|x86.Deploy.0 = Release|x86
		{3A4B958F-B42D-49D9-86C7-DB11D5E85C21}.Debug|Any CPU.ActiveCfg = Debug|x86
		{3A4B958F-B42D-49D9-86C7-DB11D5E85C21}.Debug|ARM.ActiveCfg = Debug|ARM
		{3A4B958F-B42D-49D9-86C7-DB11D5E85C21}.Debug|ARM.Build.0 = Debug|ARM
		{3A4B958F-B42D-49D9-86C7-DB11D5E85C21}.Debug|ARM.Deploy.0 = Debug|ARM
		{3A4B958F-B42D-49D9-86C7-DB11D5E85C21}.Debug|iPhone.ActiveCfg = Debug|x86
		{3A4B958F-B42D-49D9-86C7-DB11D5E85C21}.Debug|iPhoneSimulator.ActiveCfg = Debug|x86
		{3A4B958F-B42D-49D9-86C7-DB11D5E85C21}.Debug|x64.ActiveCfg = Debug|x64
		{3A4B958F-B42D-49D9-86C7-DB11D5E85C21}.Debug|x64.Build.0 = Debug|x64
		{3A4B958F-B42D-49D9-86C7-DB11D5E85C21}.Debug|x64.Deploy.0 = Debug|x64
		{3A4B958F-B42D-49D9-86C7-DB11D5E85C21}.Debug|x86.ActiveCfg = Debug|x86
		{3A4B958F-B42D-49D9-86C7-DB11D5E85C21}.Debug|x86.Build.0 = Debug|x86
		{3A4B958F-B42D-49D9-86C7-DB11D5E85C21}.Debug|x86.Deploy.0 = Debug|x86
		{3A4B958F-B42D-49D9-86C7-DB11D5E85C21}.Release|Any CPU.ActiveCfg = Release|x86
		{3A4B958F-B42D-49D9-86C7-DB11D5E85C21}.Release|ARM.ActiveCfg = Release|ARM
		{3A4B958F-B42D-49D9-86C7-DB11D5E85C21}.Release|ARM.Build.0 = Release|ARM
		{3A4B958F-B42D-49D9-86C7-DB11D5E85C21}.Release|ARM.Deploy.0 = Release|ARM
		{3A4B958F-B42D-49D9-86C7-DB11D5E85C21}.Release|iPhone.ActiveCfg = Release|x86
		{3A4B958F-B42D-49D9-86C7-DB11D5E85C21}.Release|iPhoneSimulator.ActiveCfg = Release|x86
		{3A4B958F-B42D-49D9-86C7-DB11D5E85C21}.Release|x64.ActiveCfg = Release|x64
		{3A4B958F-B42D-49D9-86C7-DB11D5E85C21}.Release|x64.Build.0 = Release|x64
		{3A4B958F-B42D-49D9-86C7-DB11D5E85C21}.Release|x64.Deploy.0 = Release|x64
		{3A4B958F-B42D-49D9-86C7-DB11D5E85C21}.Release|x86.ActiveCfg = Release|x86
		{3A4B958F-B42D-49D9-86C7-DB11D5E85C21}.Release|x86.Build.0 = Release|x86
		{3A4B958F-B42D-49D9-86C7-DB11D5E85C21}.Release|x86.Deploy.0 = Release|x86
		{5C023051-1D5F-4C3C-B4AC-E86153643C57}.Ad-Hoc|Any CPU.ActiveCfg = Release|Any CPU
		{5C023051-1D5F-4C3C-B4AC-E86153643C57}.Ad-Hoc|Any CPU.Build.0 = Release|Any CPU
		{5C023051-1D5F-4C3C-B4AC-E86153643C57}.Ad-Hoc|ARM.ActiveCfg = Release|Any CPU
		{5C023051-1D5F-4C3C-B4AC-E86153643C57}.Ad-Hoc|ARM.Build.0 = Release|Any CPU
		{5C023051-1D5F-4C3C-B4AC-E86153643C57}.Ad-Hoc|iPhone.ActiveCfg = Release|Any CPU
		{5C023051-1D5F-4C3C-B4AC-E86153643C57}.Ad-Hoc|iPhone.Build.0 = Release|Any CPU
		{5C023051-1D5F-4C3C-B4AC-E86153643C57}.Ad-Hoc|iPhoneSimulator.ActiveCfg = Release|Any CPU
		{5C023051-1D5F-4C3C-B4AC-E86153643C57}.Ad-Hoc|iPhoneSimulator.Build.0 = Release|Any CPU
		{5C023051-1D5F-4C3C-B4AC-E86153643C57}.Ad-Hoc|x64.ActiveCfg = Release|Any CPU
		{5C023051-1D5F-4C3C-B4AC-E86153643C57}.Ad-Hoc|x64.Build.0 = Release|Any CPU
		{5C023051-1D5F-4C3C-B4AC-E86153643C57}.Ad-Hoc|x86.ActiveCfg = Release|Any CPU
		{5C023051-1D5F-4C3C-B4AC-E86153643C57}.Ad-Hoc|x86.Build.0 = Release|Any CPU
		{5C023051-1D5F-4C3C-B4AC-E86153643C57}.AppStore|Any CPU.ActiveCfg = Release|Any CPU
		{5C023051-1D5F-4C3C-B4AC-E86153643C57}.AppStore|Any CPU.Build.0 = Release|Any CPU
		{5C023051-1D5F-4C3C-B4AC-E86153643C57}.AppStore|ARM.ActiveCfg = Release|Any CPU
		{5C023051-1D5F-4C3C-B4AC-E86153643C57}.AppStore|ARM.Build.0 = Release|Any CPU
		{5C023051-1D5F-4C3C-B4AC-E86153643C57}.AppStore|iPhone.ActiveCfg = Release|Any CPU
		{5C023051-1D5F-4C3C-B4AC-E86153643C57}.AppStore|iPhone.Build.0 = Release|Any CPU
		{5C023051-1D5F-4C3C-B4AC-E86153643C57}.AppStore|iPhoneSimulator.ActiveCfg = Release|Any CPU
		{5C023051-1D5F-4C3C-B4AC-E86153643C57}.AppStore|iPhoneSimulator.Build.0 = Release|Any CPU
		{5C023051-1D5F-4C3C-B4AC-E86153643C57}.AppStore|x64.ActiveCfg = Release|Any CPU
		{5C023051-1D5F-4C3C-B4AC-E86153643C57}.AppStore|x64.Build.0 = Release|Any CPU
		{5C023051-1D5F-4C3C-B4AC-E86153643C57}.AppStore|x86.ActiveCfg = Release|Any CPU
		{5C023051-1D5F-4C3C-B4AC-E86153643C57}.AppStore|x86.Build.0 = Release|Any CPU
		{5C023051-1D5F-4C3C-B4AC-E86153643C57}.Debug|Any CPU.ActiveCfg = Debug|Any CPU
		{5C023051-1D5F-4C3C-B4AC-E86153643C57}.Debug|Any CPU.Build.0 = Debug|Any CPU
		{5C023051-1D5F-4C3C-B4AC-E86153643C57}.Debug|ARM.ActiveCfg = Debug|Any CPU
		{5C023051-1D5F-4C3C-B4AC-E86153643C57}.Debug|ARM.Build.0 = Debug|Any CPU
		{5C023051-1D5F-4C3C-B4AC-E86153643C57}.Debug|iPhone.ActiveCfg = Debug|Any CPU
		{5C023051-1D5F-4C3C-B4AC-E86153643C57}.Debug|iPhone.Build.0 = Debug|Any CPU
		{5C023051-1D5F-4C3C-B4AC-E86153643C57}.Debug|iPhoneSimulator.ActiveCfg = Debug|Any CPU
		{5C023051-1D5F-4C3C-B4AC-E86153643C57}.Debug|iPhoneSimulator.Build.0 = Debug|Any CPU
		{5C023051-1D5F-4C3C-B4AC-E86153643C57}.Debug|x64.ActiveCfg = Debug|Any CPU
		{5C023051-1D5F-4C3C-B4AC-E86153643C57}.Debug|x64.Build.0 = Debug|Any CPU
		{5C023051-1D5F-4C3C-B4AC-E86153643C57}.Debug|x86.ActiveCfg = Debug|Any CPU
		{5C023051-1D5F-4C3C-B4AC-E86153643C57}.Debug|x86.Build.0 = Debug|Any CPU
		{5C023051-1D5F-4C3C-B4AC-E86153643C57}.Release|Any CPU.ActiveCfg = Release|Any CPU
		{5C023051-1D5F-4C3C-B4AC-E86153643C57}.Release|Any CPU.Build.0 = Release|Any CPU
		{5C023051-1D5F-4C3C-B4AC-E86153643C57}.Release|ARM.ActiveCfg = Release|Any CPU
		{5C023051-1D5F-4C3C-B4AC-E86153643C57}.Release|ARM.Build.0 = Release|Any CPU
		{5C023051-1D5F-4C3C-B4AC-E86153643C57}.Release|iPhone.ActiveCfg = Release|Any CPU
		{5C023051-1D5F-4C3C-B4AC-E86153643C57}.Release|iPhone.Build.0 = Release|Any CPU
		{5C023051-1D5F-4C3C-B4AC-E86153643C57}.Release|iPhoneSimulator.ActiveCfg = Release|Any CPU
		{5C023051-1D5F-4C3C-B4AC-E86153643C57}.Release|iPhoneSimulator.Build.0 = Release|Any CPU
		{5C023051-1D5F-4C3C-B4AC-E86153643C57}.Release|x64.ActiveCfg = Release|Any CPU
		{5C023051-1D5F-4C3C-B4AC-E86153643C57}.Release|x64.Build.0 = Release|Any CPU
		{5C023051-1D5F-4C3C-B4AC-E86153643C57}.Release|x86.ActiveCfg = Release|Any CPU
		{5C023051-1D5F-4C3C-B4AC-E86153643C57}.Release|x86.Build.0 = Release|Any CPU
		{834CB233-AEA5-44A0-8712-1B961A1D29B2}.Ad-Hoc|Any CPU.ActiveCfg = Release|Any CPU
		{834CB233-AEA5-44A0-8712-1B961A1D29B2}.Ad-Hoc|Any CPU.Build.0 = Release|Any CPU
		{834CB233-AEA5-44A0-8712-1B961A1D29B2}.Ad-Hoc|Any CPU.Deploy.0 = Release|Any CPU
		{834CB233-AEA5-44A0-8712-1B961A1D29B2}.Ad-Hoc|ARM.ActiveCfg = Release|Any CPU
		{834CB233-AEA5-44A0-8712-1B961A1D29B2}.Ad-Hoc|ARM.Build.0 = Release|Any CPU
		{834CB233-AEA5-44A0-8712-1B961A1D29B2}.Ad-Hoc|ARM.Deploy.0 = Release|Any CPU
		{834CB233-AEA5-44A0-8712-1B961A1D29B2}.Ad-Hoc|iPhone.ActiveCfg = Release|Any CPU
		{834CB233-AEA5-44A0-8712-1B961A1D29B2}.Ad-Hoc|iPhone.Build.0 = Release|Any CPU
		{834CB233-AEA5-44A0-8712-1B961A1D29B2}.Ad-Hoc|iPhone.Deploy.0 = Release|Any CPU
		{834CB233-AEA5-44A0-8712-1B961A1D29B2}.Ad-Hoc|iPhoneSimulator.ActiveCfg = Release|Any CPU
		{834CB233-AEA5-44A0-8712-1B961A1D29B2}.Ad-Hoc|iPhoneSimulator.Build.0 = Release|Any CPU
		{834CB233-AEA5-44A0-8712-1B961A1D29B2}.Ad-Hoc|iPhoneSimulator.Deploy.0 = Release|Any CPU
		{834CB233-AEA5-44A0-8712-1B961A1D29B2}.Ad-Hoc|x64.ActiveCfg = Release|Any CPU
		{834CB233-AEA5-44A0-8712-1B961A1D29B2}.Ad-Hoc|x64.Build.0 = Release|Any CPU
		{834CB233-AEA5-44A0-8712-1B961A1D29B2}.Ad-Hoc|x64.Deploy.0 = Release|Any CPU
		{834CB233-AEA5-44A0-8712-1B961A1D29B2}.Ad-Hoc|x86.ActiveCfg = Release|Any CPU
		{834CB233-AEA5-44A0-8712-1B961A1D29B2}.Ad-Hoc|x86.Build.0 = Release|Any CPU
		{834CB233-AEA5-44A0-8712-1B961A1D29B2}.Ad-Hoc|x86.Deploy.0 = Release|Any CPU
		{834CB233-AEA5-44A0-8712-1B961A1D29B2}.AppStore|Any CPU.ActiveCfg = Release|Any CPU
		{834CB233-AEA5-44A0-8712-1B961A1D29B2}.AppStore|Any CPU.Build.0 = Release|Any CPU
		{834CB233-AEA5-44A0-8712-1B961A1D29B2}.AppStore|Any CPU.Deploy.0 = Release|Any CPU
		{834CB233-AEA5-44A0-8712-1B961A1D29B2}.AppStore|ARM.ActiveCfg = Release|Any CPU
		{834CB233-AEA5-44A0-8712-1B961A1D29B2}.AppStore|ARM.Build.0 = Release|Any CPU
		{834CB233-AEA5-44A0-8712-1B961A1D29B2}.AppStore|ARM.Deploy.0 = Release|Any CPU
		{834CB233-AEA5-44A0-8712-1B961A1D29B2}.AppStore|iPhone.ActiveCfg = Release|Any CPU
		{834CB233-AEA5-44A0-8712-1B961A1D29B2}.AppStore|iPhone.Build.0 = Release|Any CPU
		{834CB233-AEA5-44A0-8712-1B961A1D29B2}.AppStore|iPhone.Deploy.0 = Release|Any CPU
		{834CB233-AEA5-44A0-8712-1B961A1D29B2}.AppStore|iPhoneSimulator.ActiveCfg = Release|Any CPU
		{834CB233-AEA5-44A0-8712-1B961A1D29B2}.AppStore|iPhoneSimulator.Build.0 = Release|Any CPU
		{834CB233-AEA5-44A0-8712-1B961A1D29B2}.AppStore|iPhoneSimulator.Deploy.0 = Release|Any CPU
		{834CB233-AEA5-44A0-8712-1B961A1D29B2}.AppStore|x64.ActiveCfg = Release|Any CPU
		{834CB233-AEA5-44A0-8712-1B961A1D29B2}.AppStore|x64.Build.0 = Release|Any CPU
		{834CB233-AEA5-44A0-8712-1B961A1D29B2}.AppStore|x64.Deploy.0 = Release|Any CPU
		{834CB233-AEA5-44A0-8712-1B961A1D29B2}.AppStore|x86.ActiveCfg = Release|Any CPU
		{834CB233-AEA5-44A0-8712-1B961A1D29B2}.AppStore|x86.Build.0 = Release|Any CPU
		{834CB233-AEA5-44A0-8712-1B961A1D29B2}.AppStore|x86.Deploy.0 = Release|Any CPU
		{834CB233-AEA5-44A0-8712-1B961A1D29B2}.Debug|Any CPU.ActiveCfg = Debug|Any CPU
		{834CB233-AEA5-44A0-8712-1B961A1D29B2}.Debug|Any CPU.Build.0 = Debug|Any CPU
		{834CB233-AEA5-44A0-8712-1B961A1D29B2}.Debug|Any CPU.Deploy.0 = Debug|Any CPU
		{834CB233-AEA5-44A0-8712-1B961A1D29B2}.Debug|ARM.ActiveCfg = Debug|Any CPU
		{834CB233-AEA5-44A0-8712-1B961A1D29B2}.Debug|ARM.Build.0 = Debug|Any CPU
		{834CB233-AEA5-44A0-8712-1B961A1D29B2}.Debug|ARM.Deploy.0 = Debug|Any CPU
		{834CB233-AEA5-44A0-8712-1B961A1D29B2}.Debug|iPhone.ActiveCfg = Debug|Any CPU
		{834CB233-AEA5-44A0-8712-1B961A1D29B2}.Debug|iPhone.Build.0 = Debug|Any CPU
		{834CB233-AEA5-44A0-8712-1B961A1D29B2}.Debug|iPhone.Deploy.0 = Debug|Any CPU
		{834CB233-AEA5-44A0-8712-1B961A1D29B2}.Debug|iPhoneSimulator.ActiveCfg = Debug|Any CPU
		{834CB233-AEA5-44A0-8712-1B961A1D29B2}.Debug|iPhoneSimulator.Build.0 = Debug|Any CPU
		{834CB233-AEA5-44A0-8712-1B961A1D29B2}.Debug|iPhoneSimulator.Deploy.0 = Debug|Any CPU
		{834CB233-AEA5-44A0-8712-1B961A1D29B2}.Debug|x64.ActiveCfg = Debug|Any CPU
		{834CB233-AEA5-44A0-8712-1B961A1D29B2}.Debug|x64.Build.0 = Debug|Any CPU
		{834CB233-AEA5-44A0-8712-1B961A1D29B2}.Debug|x64.Deploy.0 = Debug|Any CPU
		{834CB233-AEA5-44A0-8712-1B961A1D29B2}.Debug|x86.ActiveCfg = Debug|Any CPU
		{834CB233-AEA5-44A0-8712-1B961A1D29B2}.Debug|x86.Build.0 = Debug|Any CPU
		{834CB233-AEA5-44A0-8712-1B961A1D29B2}.Debug|x86.Deploy.0 = Debug|Any CPU
		{834CB233-AEA5-44A0-8712-1B961A1D29B2}.Release|Any CPU.ActiveCfg = Release|Any CPU
		{834CB233-AEA5-44A0-8712-1B961A1D29B2}.Release|Any CPU.Build.0 = Release|Any CPU
		{834CB233-AEA5-44A0-8712-1B961A1D29B2}.Release|Any CPU.Deploy.0 = Release|Any CPU
		{834CB233-AEA5-44A0-8712-1B961A1D29B2}.Release|ARM.ActiveCfg = Release|Any CPU
		{834CB233-AEA5-44A0-8712-1B961A1D29B2}.Release|ARM.Build.0 = Release|Any CPU
		{834CB233-AEA5-44A0-8712-1B961A1D29B2}.Release|ARM.Deploy.0 = Release|Any CPU
		{834CB233-AEA5-44A0-8712-1B961A1D29B2}.Release|iPhone.ActiveCfg = Release|Any CPU
		{834CB233-AEA5-44A0-8712-1B961A1D29B2}.Release|iPhone.Build.0 = Release|Any CPU
		{834CB233-AEA5-44A0-8712-1B961A1D29B2}.Release|iPhone.Deploy.0 = Release|Any CPU
		{834CB233-AEA5-44A0-8712-1B961A1D29B2}.Release|iPhoneSimulator.ActiveCfg = Release|Any CPU
		{834CB233-AEA5-44A0-8712-1B961A1D29B2}.Release|iPhoneSimulator.Build.0 = Release|Any CPU
		{834CB233-AEA5-44A0-8712-1B961A1D29B2}.Release|iPhoneSimulator.Deploy.0 = Release|Any CPU
		{834CB233-AEA5-44A0-8712-1B961A1D29B2}.Release|x64.ActiveCfg = Release|Any CPU
		{834CB233-AEA5-44A0-8712-1B961A1D29B2}.Release|x64.Build.0 = Release|Any CPU
		{834CB233-AEA5-44A0-8712-1B961A1D29B2}.Release|x64.Deploy.0 = Release|Any CPU
		{834CB233-AEA5-44A0-8712-1B961A1D29B2}.Release|x86.ActiveCfg = Release|Any CPU
		{834CB233-AEA5-44A0-8712-1B961A1D29B2}.Release|x86.Build.0 = Release|Any CPU
		{834CB233-AEA5-44A0-8712-1B961A1D29B2}.Release|x86.Deploy.0 = Release|Any CPU
		{AD44FA00-84AF-48E1-82C9-95A6CA53F65B}.Ad-Hoc|Any CPU.ActiveCfg = Ad-Hoc|iPhone
		{AD44FA00-84AF-48E1-82C9-95A6CA53F65B}.Ad-Hoc|ARM.ActiveCfg = Ad-Hoc|iPhone
		{AD44FA00-84AF-48E1-82C9-95A6CA53F65B}.Ad-Hoc|iPhone.ActiveCfg = Ad-Hoc|iPhone
		{AD44FA00-84AF-48E1-82C9-95A6CA53F65B}.Ad-Hoc|iPhone.Build.0 = Ad-Hoc|iPhone
		{AD44FA00-84AF-48E1-82C9-95A6CA53F65B}.Ad-Hoc|iPhoneSimulator.ActiveCfg = Ad-Hoc|iPhoneSimulator
		{AD44FA00-84AF-48E1-82C9-95A6CA53F65B}.Ad-Hoc|iPhoneSimulator.Build.0 = Ad-Hoc|iPhoneSimulator
		{AD44FA00-84AF-48E1-82C9-95A6CA53F65B}.Ad-Hoc|x64.ActiveCfg = Ad-Hoc|iPhone
		{AD44FA00-84AF-48E1-82C9-95A6CA53F65B}.Ad-Hoc|x86.ActiveCfg = Ad-Hoc|iPhone
		{AD44FA00-84AF-48E1-82C9-95A6CA53F65B}.AppStore|Any CPU.ActiveCfg = AppStore|iPhone
		{AD44FA00-84AF-48E1-82C9-95A6CA53F65B}.AppStore|ARM.ActiveCfg = AppStore|iPhone
		{AD44FA00-84AF-48E1-82C9-95A6CA53F65B}.AppStore|iPhone.ActiveCfg = AppStore|iPhone
		{AD44FA00-84AF-48E1-82C9-95A6CA53F65B}.AppStore|iPhone.Build.0 = AppStore|iPhone
		{AD44FA00-84AF-48E1-82C9-95A6CA53F65B}.AppStore|iPhoneSimulator.ActiveCfg = AppStore|iPhoneSimulator
		{AD44FA00-84AF-48E1-82C9-95A6CA53F65B}.AppStore|iPhoneSimulator.Build.0 = AppStore|iPhoneSimulator
		{AD44FA00-84AF-48E1-82C9-95A6CA53F65B}.AppStore|x64.ActiveCfg = AppStore|iPhone
		{AD44FA00-84AF-48E1-82C9-95A6CA53F65B}.AppStore|x86.ActiveCfg = AppStore|iPhone
		{AD44FA00-84AF-48E1-82C9-95A6CA53F65B}.Debug|Any CPU.ActiveCfg = Debug|iPhone
		{AD44FA00-84AF-48E1-82C9-95A6CA53F65B}.Debug|ARM.ActiveCfg = Debug|iPhone
		{AD44FA00-84AF-48E1-82C9-95A6CA53F65B}.Debug|iPhone.ActiveCfg = Debug|iPhone
		{AD44FA00-84AF-48E1-82C9-95A6CA53F65B}.Debug|iPhone.Build.0 = Debug|iPhone
		{AD44FA00-84AF-48E1-82C9-95A6CA53F65B}.Debug|iPhoneSimulator.ActiveCfg = Debug|iPhoneSimulator
		{AD44FA00-84AF-48E1-82C9-95A6CA53F65B}.Debug|iPhoneSimulator.Build.0 = Debug|iPhoneSimulator
		{AD44FA00-84AF-48E1-82C9-95A6CA53F65B}.Debug|x64.ActiveCfg = Debug|iPhone
		{AD44FA00-84AF-48E1-82C9-95A6CA53F65B}.Debug|x86.ActiveCfg = Debug|iPhone
		{AD44FA00-84AF-48E1-82C9-95A6CA53F65B}.Release|Any CPU.ActiveCfg = Release|iPhone
		{AD44FA00-84AF-48E1-82C9-95A6CA53F65B}.Release|ARM.ActiveCfg = Release|iPhone
		{AD44FA00-84AF-48E1-82C9-95A6CA53F65B}.Release|iPhone.ActiveCfg = Release|iPhone
		{AD44FA00-84AF-48E1-82C9-95A6CA53F65B}.Release|iPhone.Build.0 = Release|iPhone
		{AD44FA00-84AF-48E1-82C9-95A6CA53F65B}.Release|iPhoneSimulator.ActiveCfg = Release|iPhoneSimulator
		{AD44FA00-84AF-48E1-82C9-95A6CA53F65B}.Release|iPhoneSimulator.Build.0 = Release|iPhoneSimulator
		{AD44FA00-84AF-48E1-82C9-95A6CA53F65B}.Release|x64.ActiveCfg = Release|iPhone
		{AD44FA00-84AF-48E1-82C9-95A6CA53F65B}.Release|x86.ActiveCfg = Release|iPhone
		{597A8D84-321F-4F84-9803-322EF6468E99}.Ad-Hoc|Any CPU.ActiveCfg = Release|x86
		{597A8D84-321F-4F84-9803-322EF6468E99}.Ad-Hoc|Any CPU.Build.0 = Release|x86
		{597A8D84-321F-4F84-9803-322EF6468E99}.Ad-Hoc|Any CPU.Deploy.0 = Release|x86
		{597A8D84-321F-4F84-9803-322EF6468E99}.Ad-Hoc|ARM.ActiveCfg = Release|ARM
		{597A8D84-321F-4F84-9803-322EF6468E99}.Ad-Hoc|ARM.Build.0 = Release|ARM
		{597A8D84-321F-4F84-9803-322EF6468E99}.Ad-Hoc|ARM.Deploy.0 = Release|ARM
		{597A8D84-321F-4F84-9803-322EF6468E99}.Ad-Hoc|iPhone.ActiveCfg = Release|x86
		{597A8D84-321F-4F84-9803-322EF6468E99}.Ad-Hoc|iPhone.Build.0 = Release|x86
		{597A8D84-321F-4F84-9803-322EF6468E99}.Ad-Hoc|iPhone.Deploy.0 = Release|x86
		{597A8D84-321F-4F84-9803-322EF6468E99}.Ad-Hoc|iPhoneSimulator.ActiveCfg = Release|x86
		{597A8D84-321F-4F84-9803-322EF6468E99}.Ad-Hoc|iPhoneSimulator.Build.0 = Release|x86
		{597A8D84-321F-4F84-9803-322EF6468E99}.Ad-Hoc|iPhoneSimulator.Deploy.0 = Release|x86
		{597A8D84-321F-4F84-9803-322EF6468E99}.Ad-Hoc|x64.ActiveCfg = Release|x64
		{597A8D84-321F-4F84-9803-322EF6468E99}.Ad-Hoc|x64.Build.0 = Release|x64
		{597A8D84-321F-4F84-9803-322EF6468E99}.Ad-Hoc|x64.Deploy.0 = Release|x64
		{597A8D84-321F-4F84-9803-322EF6468E99}.Ad-Hoc|x86.ActiveCfg = Release|x86
		{597A8D84-321F-4F84-9803-322EF6468E99}.Ad-Hoc|x86.Build.0 = Release|x86
		{597A8D84-321F-4F84-9803-322EF6468E99}.Ad-Hoc|x86.Deploy.0 = Release|x86
		{597A8D84-321F-4F84-9803-322EF6468E99}.AppStore|Any CPU.ActiveCfg = Release|x86
		{597A8D84-321F-4F84-9803-322EF6468E99}.AppStore|Any CPU.Build.0 = Release|x86
		{597A8D84-321F-4F84-9803-322EF6468E99}.AppStore|Any CPU.Deploy.0 = Release|x86
		{597A8D84-321F-4F84-9803-322EF6468E99}.AppStore|ARM.ActiveCfg = Release|ARM
		{597A8D84-321F-4F84-9803-322EF6468E99}.AppStore|ARM.Build.0 = Release|ARM
		{597A8D84-321F-4F84-9803-322EF6468E99}.AppStore|ARM.Deploy.0 = Release|ARM
		{597A8D84-321F-4F84-9803-322EF6468E99}.AppStore|iPhone.ActiveCfg = Release|x86
		{597A8D84-321F-4F84-9803-322EF6468E99}.AppStore|iPhone.Build.0 = Release|x86
		{597A8D84-321F-4F84-9803-322EF6468E99}.AppStore|iPhone.Deploy.0 = Release|x86
		{597A8D84-321F-4F84-9803-322EF6468E99}.AppStore|iPhoneSimulator.ActiveCfg = Release|x86
		{597A8D84-321F-4F84-9803-322EF6468E99}.AppStore|iPhoneSimulator.Build.0 = Release|x86
		{597A8D84-321F-4F84-9803-322EF6468E99}.AppStore|iPhoneSimulator.Deploy.0 = Release|x86
		{597A8D84-321F-4F84-9803-322EF6468E99}.AppStore|x64.ActiveCfg = Release|x64
		{597A8D84-321F-4F84-9803-322EF6468E99}.AppStore|x64.Build.0 = Release|x64
		{597A8D84-321F-4F84-9803-322EF6468E99}.AppStore|x64.Deploy.0 = Release|x64
		{597A8D84-321F-4F84-9803-322EF6468E99}.AppStore|x86.ActiveCfg = Release|x86
		{597A8D84-321F-4F84-9803-322EF6468E99}.AppStore|x86.Build.0 = Release|x86
		{597A8D84-321F-4F84-9803-322EF6468E99}.AppStore|x86.Deploy.0 = Release|x86
		{597A8D84-321F-4F84-9803-322EF6468E99}.Debug|Any CPU.ActiveCfg = Debug|x86
		{597A8D84-321F-4F84-9803-322EF6468E99}.Debug|ARM.ActiveCfg = Debug|ARM
		{597A8D84-321F-4F84-9803-322EF6468E99}.Debug|ARM.Build.0 = Debug|ARM
		{597A8D84-321F-4F84-9803-322EF6468E99}.Debug|ARM.Deploy.0 = Debug|ARM
		{597A8D84-321F-4F84-9803-322EF6468E99}.Debug|iPhone.ActiveCfg = Debug|x86
		{597A8D84-321F-4F84-9803-322EF6468E99}.Debug|iPhoneSimulator.ActiveCfg = Debug|x86
		{597A8D84-321F-4F84-9803-322EF6468E99}.Debug|x64.ActiveCfg = Debug|x64
		{597A8D84-321F-4F84-9803-322EF6468E99}.Debug|x64.Build.0 = Debug|x64
		{597A8D84-321F-4F84-9803-322EF6468E99}.Debug|x64.Deploy.0 = Debug|x64
		{597A8D84-321F-4F84-9803-322EF6468E99}.Debug|x86.ActiveCfg = Debug|x86
		{597A8D84-321F-4F84-9803-322EF6468E99}.Debug|x86.Build.0 = Debug|x86
		{597A8D84-321F-4F84-9803-322EF6468E99}.Debug|x86.Deploy.0 = Debug|x86
		{597A8D84-321F-4F84-9803-322EF6468E99}.Release|Any CPU.ActiveCfg = Release|x86
		{597A8D84-321F-4F84-9803-322EF6468E99}.Release|ARM.ActiveCfg = Release|ARM
		{597A8D84-321F-4F84-9803-322EF6468E99}.Release|ARM.Build.0 = Release|ARM
		{597A8D84-321F-4F84-9803-322EF6468E99}.Release|ARM.Deploy.0 = Release|ARM
		{597A8D84-321F-4F84-9803-322EF6468E99}.Release|iPhone.ActiveCfg = Release|x86
		{597A8D84-321F-4F84-9803-322EF6468E99}.Release|iPhoneSimulator.ActiveCfg = Release|x86
		{597A8D84-321F-4F84-9803-322EF6468E99}.Release|x64.ActiveCfg = Release|x64
		{597A8D84-321F-4F84-9803-322EF6468E99}.Release|x64.Build.0 = Release|x64
		{597A8D84-321F-4F84-9803-322EF6468E99}.Release|x64.Deploy.0 = Release|x64
		{597A8D84-321F-4F84-9803-322EF6468E99}.Release|x86.ActiveCfg = Release|x86
		{597A8D84-321F-4F84-9803-322EF6468E99}.Release|x86.Build.0 = Release|x86
		{597A8D84-321F-4F84-9803-322EF6468E99}.Release|x86.Deploy.0 = Release|x86
	EndGlobalSection
	GlobalSection(SolutionProperties) = preSolution
		HideSolutionNode = FALSE
	EndGlobalSection
	GlobalSection(NestedProjects) = preSolution
		{C41552DF-9C5A-467B-B6C7-442E79A8692A} = {0B88928A-5671-41A0-A1BE-7289ADD8F97B}
		{834CB233-AEA5-44A0-8712-1B961A1D29B2} = {0B88928A-5671-41A0-A1BE-7289ADD8F97B}
		{AD44FA00-84AF-48E1-82C9-95A6CA53F65B} = {0B88928A-5671-41A0-A1BE-7289ADD8F97B}
		{597A8D84-321F-4F84-9803-322EF6468E99} = {0B88928A-5671-41A0-A1BE-7289ADD8F97B}
	EndGlobalSection
EndGlobal
